
Microsoft Visual Studio Solution File, Format Version 12.00
# Visual Studio Version 17
VisualStudioVersion = 17.14.36301.6 d17.14
MinimumVisualStudioVersion = 10.0.40219.1
Project("{FAE04EC0-301F-11D3-BF4B-00C04F79EFBC}") = "Final202502", "Final202502\Final202502.csproj", "{F2C71CFC-5B01-4A1F-9214-359FCDFFA5FC}"
EndProject
Global
	GlobalSection(SolutionConfigurationPlatforms) = preSolution
		Debug|Any CPU = Debug|Any CPU
		Release|Any CPU = Release|Any CPU
	EndGlobalSection
	GlobalSection(ProjectConfigurationPlatforms) = postSolution
		{F2C71CFC-5B01-4A1F-9214-359FCDFFA5FC}.Debug|Any CPU.ActiveCfg = Debug|Any CPU
		{F2C71CFC-5B01-4A1F-9214-359FCDFFA5FC}.Debug|Any CPU.Build.0 = Debug|Any CPU
		{F2C71CFC-5B01-4A1F-9214-359FCDFFA5FC}.Release|Any CPU.ActiveCfg = Release|Any CPU
		{F2C71CFC-5B01-4A1F-9214-359FCDFFA5FC}.Release|Any CPU.Build.0 = Release|Any CPU
	EndGlobalSection
	GlobalSection(SolutionProperties) = preSolution
		HideSolutionNode = FALSE
	EndGlobalSection
	GlobalSection(ExtensibilityGlobals) = postSolution
		SolutionGuid = {CD2771A1-0378-44CB-95FD-C78E2DAE8481}
	EndGlobalSection
EndGlobal
